{
  "name": "metaschema-js",
  "version": "1.0.0",
  "lockfileVersion": 3,
  "requires": true,
  "packages": {
    "": {
      "name": "metaschema-js",
      "version": "1.0.0",
      "license": "ISC",
      "dependencies": {
        "@bazel/bazelisk": "^1.21.0"
      }
    },
    "node_modules/@bazel/bazelisk": {
      "version": "1.21.0",
      "resolved": "https://registry.npmjs.org/@bazel/bazelisk/-/bazelisk-1.21.0.tgz",
      "integrity": "sha512-iyEKx4m7zQCzHeI9zSXzIpAuq0L2EtP1eDbdwcWTqrWOmmGJVh+XTZoBUKd8RM2QymLVW5I2t6AFweQBzha9uA==",
      "license": "Apache-2.0",
      "bin": {
        "bazel": "bazelisk.js",
        "bazelisk": "bazelisk.js"
      }
    }
  }
}
